
Microsoft Visual Studio Solution File, Format Version 12.00
# Visual Studio Version 17
VisualStudioVersion = 17.14.36623.8
MinimumVisualStudioVersion = 10.0.40219.1
Project("{FAE04EC0-301F-11D3-BF4B-00C04F79EFBC}") = "PhoneBook.UI", "PhoneBook\PhoneBook.UI.csproj", "{3C34CF78-BB8A-4A5D-9EE8-A1C6D9068BCA}"
EndProject
Project("{FAE04EC0-301F-11D3-BF4B-00C04F79EFBC}") = "PhoneBook.DA", "PhoneBook.DA\PhoneBook.DA.csproj", "{03AB29B7-DBB1-4393-B027-E9C97C19915D}"
EndProject
Project("{FAE04EC0-301F-11D3-BF4B-00C04F79EFBC}") = "PhoneBook.BL", "PhoneBook.BL\PhoneBook.BL.csproj", "{9C8AE6FB-73B5-4AFE-B25F-D8D8E3956243}"
EndProject
Project("{FAE04EC0-301F-11D3-BF4B-00C04F79EFBC}") = "PhoneBook.Tests", "PhoneBook.Tests\PhoneBook.Tests.csproj", "{B78746E0-AF79-4655-B9AA-728A3182E296}"
EndProject
Global
	GlobalSection(SolutionConfigurationPlatforms) = preSolution
		Debug|Any CPU = Debug|Any CPU
		Release|Any CPU = Release|Any CPU
	EndGlobalSection
	GlobalSection(ProjectConfigurationPlatforms) = postSolution
		{3C34CF78-BB8A-4A5D-9EE8-A1C6D9068BCA}.Debug|Any CPU.ActiveCfg = Debug|Any CPU
		{3C34CF78-BB8A-4A5D-9EE8-A1C6D9068BCA}.Debug|Any CPU.Build.0 = Debug|Any CPU
		{3C34CF78-BB8A-4A5D-9EE8-A1C6D9068BCA}.Release|Any CPU.ActiveCfg = Release|Any CPU
		{3C34CF78-BB8A-4A5D-9EE8-A1C6D9068BCA}.Release|Any CPU.Build.0 = Release|Any CPU
		{03AB29B7-DBB1-4393-B027-E9C97C19915D}.Debug|Any CPU.ActiveCfg = Debug|Any CPU
		{03AB29B7-DBB1-4393-B027-E9C97C19915D}.Debug|Any CPU.Build.0 = Debug|Any CPU
		{03AB29B7-DBB1-4393-B027-E9C97C19915D}.Release|Any CPU.ActiveCfg = Release|Any CPU
		{03AB29B7-DBB1-4393-B027-E9C97C19915D}.Release|Any CPU.Build.0 = Release|Any CPU
		{9C8AE6FB-73B5-4AFE-B25F-D8D8E3956243}.Debug|Any CPU.ActiveCfg = Debug|Any CPU
		{9C8AE6FB-73B5-4AFE-B25F-D8D8E3956243}.Debug|Any CPU.Build.0 = Debug|Any CPU
		{9C8AE6FB-73B5-4AFE-B25F-D8D8E3956243}.Release|Any CPU.ActiveCfg = Release|Any CPU
		{9C8AE6FB-73B5-4AFE-B25F-D8D8E3956243}.Release|Any CPU.Build.0 = Release|Any CPU
		{B78746E0-AF79-4655-B9AA-728A3182E296}.Debug|Any CPU.ActiveCfg = Debug|Any CPU
		{B78746E0-AF79-4655-B9AA-728A3182E296}.Debug|Any CPU.Build.0 = Debug|Any CPU
		{B78746E0-AF79-4655-B9AA-728A3182E296}.Release|Any CPU.ActiveCfg = Release|Any CPU
		{B78746E0-AF79-4655-B9AA-728A3182E296}.Release|Any CPU.Build.0 = Release|Any CPU
	EndGlobalSection
	GlobalSection(SolutionProperties) = preSolution
		HideSolutionNode = FALSE
	EndGlobalSection
	GlobalSection(ExtensibilityGlobals) = postSolution
		SolutionGuid = {A67855E1-78E3-4E3C-91E2-8C593C4CFCC9}
	EndGlobalSection
EndGlobal
